// !$*UTF8*$!
{
	archiveVersion = 1;
	classes = {
	};
	objectVersion = 56;
	objects = {

/* Begin PBXBuildFile section */
		D021200129DAAF43002955AD /* GeneratedCardsReviewView.swift in Sources */ = {isa = PBXBuildFile; fileRef = D021200029DAAF43002955AD /* GeneratedCardsReviewView.swift */; };
		D02AFFD229E010E50073DAF5 /* Device.swift in Sources */ = {isa = PBXBuildFile; fileRef = D02AFFD129E010E50073DAF5 /* Device.swift */; };
		D06CF4A729E3468C00251644 /* Card.swift in Sources */ = {isa = PBXBuildFile; fileRef = D06CF4A629E3468C00251644 /* Card.swift */; };
		D06CF4AB29E348BB00251644 /* CoreDataModel.xcdatamodeld in Sources */ = {isa = PBXBuildFile; fileRef = D06CF4A929E348BB00251644 /* CoreDataModel.xcdatamodeld */; };
		D06CF4AD29E3495800251644 /* PersistentStore.swift in Sources */ = {isa = PBXBuildFile; fileRef = D06CF4AC29E3495800251644 /* PersistentStore.swift */; };
		D06CF4AF29E3497900251644 /* DataManager.swift in Sources */ = {isa = PBXBuildFile; fileRef = D06CF4AE29E3497900251644 /* DataManager.swift */; };
		D06CF4B129E349E200251644 /* CardsListViewModel.swift in Sources */ = {isa = PBXBuildFile; fileRef = D06CF4B029E349E200251644 /* CardsListViewModel.swift */; };
		D06CF4B429E34A4300251644 /* OrderedCollections in Frameworks */ = {isa = PBXBuildFile; productRef = D06CF4B329E34A4300251644 /* OrderedCollections */; };
		D06CF4B629E34C9300251644 /* SavedCardsListView.swift in Sources */ = {isa = PBXBuildFile; fileRef = D06CF4B529E34C9300251644 /* SavedCardsListView.swift */; };
		D06E5B4329E3E5D100CE11F9 /* CardEditorViewModel.swift in Sources */ = {isa = PBXBuildFile; fileRef = D06E5B4229E3E5D100CE11F9 /* CardEditorViewModel.swift */; };
		D070ABF529EBE4460007F12F /* GoogleService-Info.plist in Resources */ = {isa = PBXBuildFile; fileRef = D070ABF429EBE4460007F12F /* GoogleService-Info.plist */; };
		D070ABF829EBE5AD0007F12F /* FirebaseAnalyticsSwift in Frameworks */ = {isa = PBXBuildFile; productRef = D070ABF729EBE5AD0007F12F /* FirebaseAnalyticsSwift */; };
		D079BA5329E3524200363829 /* CardAdd.swift in Sources */ = {isa = PBXBuildFile; fileRef = D079BA5229E3524200363829 /* CardAdd.swift */; };
		D08E30BE29D8A4DE00603EB5 /* NeuralRequests.swift in Sources */ = {isa = PBXBuildFile; fileRef = D08E30BD29D8A4DE00603EB5 /* NeuralRequests.swift */; };
		D08E30C029D8A7C100603EB5 /* GenerateView.swift in Sources */ = {isa = PBXBuildFile; fileRef = D08E30BF29D8A7C100603EB5 /* GenerateView.swift */; };
		D091E74129DC7D0300AC9400 /* PurchaseView.swift in Sources */ = {isa = PBXBuildFile; fileRef = D091E74029DC7D0300AC9400 /* PurchaseView.swift */; };
		D091E74429DC803E00AC9400 /* StoreKit.framework in Frameworks */ = {isa = PBXBuildFile; fileRef = D091E74329DC803E00AC9400 /* StoreKit.framework */; };
		D091E74629DC80EF00AC9400 /* StoreManager.swift in Sources */ = {isa = PBXBuildFile; fileRef = D091E74529DC80EF00AC9400 /* StoreManager.swift */; };
		D091E74829DC813200AC9400 /* StoreView.swift in Sources */ = {isa = PBXBuildFile; fileRef = D091E74729DC813200AC9400 /* StoreView.swift */; };
		D091E74C29DC842500AC9400 /* StoreKitTestCertificate.cer in Resources */ = {isa = PBXBuildFile; fileRef = D091E74B29DC842500AC9400 /* StoreKitTestCertificate.cer */; };
		D0BCC73A29EB17C90040B3C7 /* Localizable.strings in Resources */ = {isa = PBXBuildFile; fileRef = D0BCC73C29EB17C90040B3C7 /* Localizable.strings */; };
		D0C2A80C29D89412009828FA /* FresscardsEndpoint.swift in Sources */ = {isa = PBXBuildFile; fileRef = D0C2A7CF29D89412009828FA /* FresscardsEndpoint.swift */; };
		D0C2A80E29D89412009828FA /* HTTPClient.swift in Sources */ = {isa = PBXBuildFile; fileRef = D0C2A7D229D89412009828FA /* HTTPClient.swift */; };
		D0C2A80F29D89412009828FA /* RequestError.swift in Sources */ = {isa = PBXBuildFile; fileRef = D0C2A7D329D89412009828FA /* RequestError.swift */; };
		D0C2A81029D89412009828FA /* Endpoint.swift in Sources */ = {isa = PBXBuildFile; fileRef = D0C2A7D429D89412009828FA /* Endpoint.swift */; };
		D0C2A81129D89412009828FA /* FresscardsService.swift in Sources */ = {isa = PBXBuildFile; fileRef = D0C2A7D529D89412009828FA /* FresscardsService.swift */; };
		D0C2A81329D89412009828FA /* SettingsManager.swift in Sources */ = {isa = PBXBuildFile; fileRef = D0C2A7D829D89412009828FA /* SettingsManager.swift */; };
		D0C2A81429D89412009828FA /* Palette.swift in Sources */ = {isa = PBXBuildFile; fileRef = D0C2A7DA29D89412009828FA /* Palette.swift */; };
		D0C2A81529D89412009828FA /* DataPrettyPrint.swift in Sources */ = {isa = PBXBuildFile; fileRef = D0C2A7DB29D89412009828FA /* DataPrettyPrint.swift */; };
		D0C2A81629D89412009828FA /* Log.swift in Sources */ = {isa = PBXBuildFile; fileRef = D0C2A7DC29D89412009828FA /* Log.swift */; };
		D0C2A81729D89412009828FA /* DateUtils.swift in Sources */ = {isa = PBXBuildFile; fileRef = D0C2A7DD29D89412009828FA /* DateUtils.swift */; };
		D0C2A81829D89412009828FA /* Fonts.swift in Sources */ = {isa = PBXBuildFile; fileRef = D0C2A7DE29D89412009828FA /* Fonts.swift */; };
		D0C2A81929D89412009828FA /* Notification.swift in Sources */ = {isa = PBXBuildFile; fileRef = D0C2A7DF29D89412009828FA /* Notification.swift */; };
		D0C2A81F29D89412009828FA /* ApiInfoView.swift in Sources */ = {isa = PBXBuildFile; fileRef = D0C2A7E829D89412009828FA /* ApiInfoView.swift */; };
		D0C2A82029D89412009828FA /* LoaderSpinner.swift in Sources */ = {isa = PBXBuildFile; fileRef = D0C2A7E929D89412009828FA /* LoaderSpinner.swift */; };
		D0C2A82229D89412009828FA /* SettingsView.swift in Sources */ = {isa = PBXBuildFile; fileRef = D0C2A7EB29D89412009828FA /* SettingsView.swift */; };
		D0C2A82529D89412009828FA /* DebugView.swift in Sources */ = {isa = PBXBuildFile; fileRef = D0C2A7EE29D89412009828FA /* DebugView.swift */; };
		D0C2A82F29D89412009828FA /* AnimationPlayground.swift in Sources */ = {isa = PBXBuildFile; fileRef = D0C2A7FA29D89412009828FA /* AnimationPlayground.swift */; };
		D0C2A83029D89412009828FA /* Config.swift in Sources */ = {isa = PBXBuildFile; fileRef = D0C2A7FB29D89412009828FA /* Config.swift */; };
		D0C2A83129D89412009828FA /* FresscardsApp.swift in Sources */ = {isa = PBXBuildFile; fileRef = D0C2A7FC29D89412009828FA /* FresscardsApp.swift */; };
		D0C2A83229D89412009828FA /* Assets.xcassets in Resources */ = {isa = PBXBuildFile; fileRef = D0C2A7FD29D89412009828FA /* Assets.xcassets */; };
		D0C2A83329D89412009828FA /* Preview Assets.xcassets in Resources */ = {isa = PBXBuildFile; fileRef = D0C2A7FF29D89412009828FA /* Preview Assets.xcassets */; };
		D0C2A83429D89412009828FA /* ContentView.swift in Sources */ = {isa = PBXBuildFile; fileRef = D0C2A80029D89412009828FA /* ContentView.swift */; };
		D0E28C7A29DC069D005A5D72 /* CardsWorker.swift in Sources */ = {isa = PBXBuildFile; fileRef = D0E28C7929DC069D005A5D72 /* CardsWorker.swift */; };
		D0EFE92629DB5A8700860CAF /* CardView.swift in Sources */ = {isa = PBXBuildFile; fileRef = D0EFE92529DB5A8700860CAF /* CardView.swift */; };
		D0EFE92829DB5A9D00860CAF /* CardsView.swift in Sources */ = {isa = PBXBuildFile; fileRef = D0EFE92729DB5A9D00860CAF /* CardsView.swift */; };
/* End PBXBuildFile section */

/* Begin PBXFileReference section */
		D021200029DAAF43002955AD /* GeneratedCardsReviewView.swift */ = {isa = PBXFileReference; lastKnownFileType = sourcecode.swift; path = GeneratedCardsReviewView.swift; sourceTree = "<group>"; };
		D02AFFD129E010E50073DAF5 /* Device.swift */ = {isa = PBXFileReference; lastKnownFileType = sourcecode.swift; path = Device.swift; sourceTree = "<group>"; };
		D06CF4A629E3468C00251644 /* Card.swift */ = {isa = PBXFileReference; lastKnownFileType = sourcecode.swift; path = Card.swift; sourceTree = "<group>"; };
		D06CF4AA29E348BB00251644 /* CoreDataModel.xcdatamodel */ = {isa = PBXFileReference; lastKnownFileType = wrapper.xcdatamodel; path = CoreDataModel.xcdatamodel; sourceTree = "<group>"; };
		D06CF4AC29E3495800251644 /* PersistentStore.swift */ = {isa = PBXFileReference; lastKnownFileType = sourcecode.swift; path = PersistentStore.swift; sourceTree = "<group>"; };
		D06CF4AE29E3497900251644 /* DataManager.swift */ = {isa = PBXFileReference; lastKnownFileType = sourcecode.swift; path = DataManager.swift; sourceTree = "<group>"; };
		D06CF4B029E349E200251644 /* CardsListViewModel.swift */ = {isa = PBXFileReference; lastKnownFileType = sourcecode.swift; path = CardsListViewModel.swift; sourceTree = "<group>"; };
		D06CF4B529E34C9300251644 /* SavedCardsListView.swift */ = {isa = PBXFileReference; lastKnownFileType = sourcecode.swift; path = SavedCardsListView.swift; sourceTree = "<group>"; };
		D06E5B4229E3E5D100CE11F9 /* CardEditorViewModel.swift */ = {isa = PBXFileReference; lastKnownFileType = sourcecode.swift; path = CardEditorViewModel.swift; sourceTree = "<group>"; };
		D070ABF429EBE4460007F12F /* GoogleService-Info.plist */ = {isa = PBXFileReference; fileEncoding = 4; lastKnownFileType = text.plist.xml; path = "GoogleService-Info.plist"; sourceTree = "<group>"; };
		D079BA5229E3524200363829 /* CardAdd.swift */ = {isa = PBXFileReference; lastKnownFileType = sourcecode.swift; path = CardAdd.swift; sourceTree = "<group>"; };
		D08E30BD29D8A4DE00603EB5 /* NeuralRequests.swift */ = {isa = PBXFileReference; lastKnownFileType = sourcecode.swift; path = NeuralRequests.swift; sourceTree = "<group>"; };
		D08E30BF29D8A7C100603EB5 /* GenerateView.swift */ = {isa = PBXFileReference; lastKnownFileType = sourcecode.swift; path = GenerateView.swift; sourceTree = "<group>"; };
		D091E74029DC7D0300AC9400 /* PurchaseView.swift */ = {isa = PBXFileReference; lastKnownFileType = sourcecode.swift; path = PurchaseView.swift; sourceTree = "<group>"; };
		D091E74329DC803E00AC9400 /* StoreKit.framework */ = {isa = PBXFileReference; lastKnownFileType = wrapper.framework; name = StoreKit.framework; path = System/Library/Frameworks/StoreKit.framework; sourceTree = SDKROOT; };
		D091E74529DC80EF00AC9400 /* StoreManager.swift */ = {isa = PBXFileReference; lastKnownFileType = sourcecode.swift; path = StoreManager.swift; sourceTree = "<group>"; };
		D091E74729DC813200AC9400 /* StoreView.swift */ = {isa = PBXFileReference; lastKnownFileType = sourcecode.swift; path = StoreView.swift; sourceTree = "<group>"; };
		D091E74929DC819800AC9400 /* Info.plist */ = {isa = PBXFileReference; lastKnownFileType = text.plist; path = Info.plist; sourceTree = "<group>"; };
		D091E74A29DC834800AC9400 /* storekit_configuration.storekit */ = {isa = PBXFileReference; lastKnownFileType = text; path = storekit_configuration.storekit; sourceTree = "<group>"; };
		D091E74B29DC842500AC9400 /* StoreKitTestCertificate.cer */ = {isa = PBXFileReference; lastKnownFileType = file; path = StoreKitTestCertificate.cer; sourceTree = "<group>"; };
		D0AD525129D8939600B46ED3 /* Fresscards.app */ = {isa = PBXFileReference; explicitFileType = wrapper.application; includeInIndex = 0; path = Fresscards.app; sourceTree = BUILT_PRODUCTS_DIR; };
		D0BCC73D29EB17F40040B3C7 /* ru */ = {isa = PBXFileReference; lastKnownFileType = text.plist.strings; name = ru; path = ru.lproj/Localizable.strings; sourceTree = "<group>"; };
		D0C1BB7929EB1E6F0047C901 /* es */ = {isa = PBXFileReference; lastKnownFileType = text.plist.strings; name = es; path = es.lproj/Localizable.strings; sourceTree = "<group>"; };
		D0C2A7CF29D89412009828FA /* FresscardsEndpoint.swift */ = {isa = PBXFileReference; fileEncoding = 4; lastKnownFileType = sourcecode.swift; path = FresscardsEndpoint.swift; sourceTree = "<group>"; };
		D0C2A7D229D89412009828FA /* HTTPClient.swift */ = {isa = PBXFileReference; fileEncoding = 4; lastKnownFileType = sourcecode.swift; path = HTTPClient.swift; sourceTree = "<group>"; };
		D0C2A7D329D89412009828FA /* RequestError.swift */ = {isa = PBXFileReference; fileEncoding = 4; lastKnownFileType = sourcecode.swift; path = RequestError.swift; sourceTree = "<group>"; };
		D0C2A7D429D89412009828FA /* Endpoint.swift */ = {isa = PBXFileReference; fileEncoding = 4; lastKnownFileType = sourcecode.swift; path = Endpoint.swift; sourceTree = "<group>"; };
		D0C2A7D529D89412009828FA /* FresscardsService.swift */ = {isa = PBXFileReference; fileEncoding = 4; lastKnownFileType = sourcecode.swift; path = FresscardsService.swift; sourceTree = "<group>"; };
		D0C2A7D829D89412009828FA /* SettingsManager.swift */ = {isa = PBXFileReference; fileEncoding = 4; lastKnownFileType = sourcecode.swift; path = SettingsManager.swift; sourceTree = "<group>"; };
		D0C2A7DA29D89412009828FA /* Palette.swift */ = {isa = PBXFileReference; fileEncoding = 4; lastKnownFileType = sourcecode.swift; path = Palette.swift; sourceTree = "<group>"; };
		D0C2A7DB29D89412009828FA /* DataPrettyPrint.swift */ = {isa = PBXFileReference; fileEncoding = 4; lastKnownFileType = sourcecode.swift; path = DataPrettyPrint.swift; sourceTree = "<group>"; };
		D0C2A7DC29D89412009828FA /* Log.swift */ = {isa = PBXFileReference; fileEncoding = 4; lastKnownFileType = sourcecode.swift; path = Log.swift; sourceTree = "<group>"; };
		D0C2A7DD29D89412009828FA /* DateUtils.swift */ = {isa = PBXFileReference; fileEncoding = 4; lastKnownFileType = sourcecode.swift; path = DateUtils.swift; sourceTree = "<group>"; };
		D0C2A7DE29D89412009828FA /* Fonts.swift */ = {isa = PBXFileReference; fileEncoding = 4; lastKnownFileType = sourcecode.swift; path = Fonts.swift; sourceTree = "<group>"; };
		D0C2A7DF29D89412009828FA /* Notification.swift */ = {isa = PBXFileReference; fileEncoding = 4; lastKnownFileType = sourcecode.swift; path = Notification.swift; sourceTree = "<group>"; };
		D0C2A7E829D89412009828FA /* ApiInfoView.swift */ = {isa = PBXFileReference; fileEncoding = 4; lastKnownFileType = sourcecode.swift; path = ApiInfoView.swift; sourceTree = "<group>"; };
		D0C2A7E929D89412009828FA /* LoaderSpinner.swift */ = {isa = PBXFileReference; fileEncoding = 4; lastKnownFileType = sourcecode.swift; path = LoaderSpinner.swift; sourceTree = "<group>"; };
		D0C2A7EB29D89412009828FA /* SettingsView.swift */ = {isa = PBXFileReference; fileEncoding = 4; lastKnownFileType = sourcecode.swift; path = SettingsView.swift; sourceTree = "<group>"; };
		D0C2A7EE29D89412009828FA /* DebugView.swift */ = {isa = PBXFileReference; fileEncoding = 4; lastKnownFileType = sourcecode.swift; path = DebugView.swift; sourceTree = "<group>"; };
		D0C2A7FA29D89412009828FA /* AnimationPlayground.swift */ = {isa = PBXFileReference; fileEncoding = 4; lastKnownFileType = sourcecode.swift; path = AnimationPlayground.swift; sourceTree = "<group>"; };
		D0C2A7FB29D89412009828FA /* Config.swift */ = {isa = PBXFileReference; fileEncoding = 4; lastKnownFileType = sourcecode.swift; path = Config.swift; sourceTree = "<group>"; };
		D0C2A7FC29D89412009828FA /* FresscardsApp.swift */ = {isa = PBXFileReference; fileEncoding = 4; lastKnownFileType = sourcecode.swift; path = FresscardsApp.swift; sourceTree = "<group>"; };
		D0C2A7FD29D89412009828FA /* Assets.xcassets */ = {isa = PBXFileReference; lastKnownFileType = folder.assetcatalog; path = Assets.xcassets; sourceTree = "<group>"; };
		D0C2A7FF29D89412009828FA /* Preview Assets.xcassets */ = {isa = PBXFileReference; lastKnownFileType = folder.assetcatalog; path = "Preview Assets.xcassets"; sourceTree = "<group>"; };
		D0C2A80029D89412009828FA /* ContentView.swift */ = {isa = PBXFileReference; fileEncoding = 4; lastKnownFileType = sourcecode.swift; path = ContentView.swift; sourceTree = "<group>"; };
		D0E28C7929DC069D005A5D72 /* CardsWorker.swift */ = {isa = PBXFileReference; lastKnownFileType = sourcecode.swift; path = CardsWorker.swift; sourceTree = "<group>"; };
		D0EFE92529DB5A8700860CAF /* CardView.swift */ = {isa = PBXFileReference; lastKnownFileType = sourcecode.swift; path = CardView.swift; sourceTree = "<group>"; };
		D0EFE92729DB5A9D00860CAF /* CardsView.swift */ = {isa = PBXFileReference; lastKnownFileType = sourcecode.swift; path = CardsView.swift; sourceTree = "<group>"; };
/* End PBXFileReference section */

/* Begin PBXFrameworksBuildPhase section */
		D0AD524E29D8939600B46ED3 /* Frameworks */ = {
			isa = PBXFrameworksBuildPhase;
			buildActionMask = 2147483647;
			files = (
				D070ABF829EBE5AD0007F12F /* FirebaseAnalyticsSwift in Frameworks */,
				D06CF4B429E34A4300251644 /* OrderedCollections in Frameworks */,
				D091E74429DC803E00AC9400 /* StoreKit.framework in Frameworks */,
			);
			runOnlyForDeploymentPostprocessing = 0;
		};
/* End PBXFrameworksBuildPhase section */

/* Begin PBXGroup section */
		D02DE0FA29EB240B003BA009 /* Localization */ = {
			isa = PBXGroup;
			children = (
				D0BCC73C29EB17C90040B3C7 /* Localizable.strings */,
			);
			path = Localization;
			sourceTree = "<group>";
		};
		D06CF4A829E348A200251644 /* CoreData */ = {
			isa = PBXGroup;
			children = (
				D06CF4A929E348BB00251644 /* CoreDataModel.xcdatamodeld */,
				D06CF4AC29E3495800251644 /* PersistentStore.swift */,
				D06CF4AE29E3497900251644 /* DataManager.swift */,
			);
			path = CoreData;
			sourceTree = "<group>";
		};
		D091E74229DC803E00AC9400 /* Frameworks */ = {
			isa = PBXGroup;
			children = (
				D091E74329DC803E00AC9400 /* StoreKit.framework */,
			);
			name = Frameworks;
			sourceTree = "<group>";
		};
		D0AD524829D8939600B46ED3 = {
			isa = PBXGroup;
			children = (
				D091E74A29DC834800AC9400 /* storekit_configuration.storekit */,
				D091E74B29DC842500AC9400 /* StoreKitTestCertificate.cer */,
				D0AD525329D8939600B46ED3 /* Fresscards */,
				D0AD525229D8939600B46ED3 /* Products */,
				D091E74229DC803E00AC9400 /* Frameworks */,
			);
			sourceTree = "<group>";
		};
		D0AD525229D8939600B46ED3 /* Products */ = {
			isa = PBXGroup;
			children = (
				D0AD525129D8939600B46ED3 /* Fresscards.app */,
			);
			name = Products;
			sourceTree = "<group>";
		};
		D0AD525329D8939600B46ED3 /* Fresscards */ = {
			isa = PBXGroup;
			children = (
				D070ABF429EBE4460007F12F /* GoogleService-Info.plist */,
				D06CF4A829E348A200251644 /* CoreData */,
				D091E74929DC819800AC9400 /* Info.plist */,
				D0C2A7FD29D89412009828FA /* Assets.xcassets */,
				D0C2A7FB29D89412009828FA /* Config.swift */,
				D0C2A80029D89412009828FA /* ContentView.swift */,
				D0C2A7FC29D89412009828FA /* FresscardsApp.swift */,
				D02DE0FA29EB240B003BA009 /* Localization */,
				D0C2A7D929D89412009828FA /* Misc */,
				D0C2A7C029D89412009828FA /* Models */,
				D0C2A7FE29D89412009828FA /* Preview Content */,
				D0C2A7CE29D89412009828FA /* Services */,
				D0C2A7E529D89412009828FA /* Views */,
			);
			path = Fresscards;
			sourceTree = "<group>";
		};
		D0C2A7C029D89412009828FA /* Models */ = {
			isa = PBXGroup;
			children = (
				D08E30BD29D8A4DE00603EB5 /* NeuralRequests.swift */,
				D0E28C7929DC069D005A5D72 /* CardsWorker.swift */,
				D02AFFD129E010E50073DAF5 /* Device.swift */,
				D06CF4A629E3468C00251644 /* Card.swift */,
				D06CF4B029E349E200251644 /* CardsListViewModel.swift */,
				D06E5B4229E3E5D100CE11F9 /* CardEditorViewModel.swift */,
			);
			path = Models;
			sourceTree = "<group>";
		};
		D0C2A7CE29D89412009828FA /* Services */ = {
			isa = PBXGroup;
			children = (
				D0C2A7CF29D89412009828FA /* FresscardsEndpoint.swift */,
				D0C2A7D129D89412009828FA /* Network */,
				D0C2A7D529D89412009828FA /* FresscardsService.swift */,
				D0C2A7D829D89412009828FA /* SettingsManager.swift */,
				D091E74529DC80EF00AC9400 /* StoreManager.swift */,
			);
			path = Services;
			sourceTree = "<group>";
		};
		D0C2A7D129D89412009828FA /* Network */ = {
			isa = PBXGroup;
			children = (
				D0C2A7D229D89412009828FA /* HTTPClient.swift */,
				D0C2A7D329D89412009828FA /* RequestError.swift */,
				D0C2A7D429D89412009828FA /* Endpoint.swift */,
			);
			path = Network;
			sourceTree = "<group>";
		};
		D0C2A7D929D89412009828FA /* Misc */ = {
			isa = PBXGroup;
			children = (
				D0C2A7DA29D89412009828FA /* Palette.swift */,
				D0C2A7DB29D89412009828FA /* DataPrettyPrint.swift */,
				D0C2A7DC29D89412009828FA /* Log.swift */,
				D0C2A7DD29D89412009828FA /* DateUtils.swift */,
				D0C2A7DE29D89412009828FA /* Fonts.swift */,
				D0C2A7DF29D89412009828FA /* Notification.swift */,
			);
			path = Misc;
			sourceTree = "<group>";
		};
		D0C2A7E529D89412009828FA /* Views */ = {
			isa = PBXGroup;
			children = (
				D0C2A7E729D89412009828FA /* Misc */,
				D0C2A7EB29D89412009828FA /* SettingsView.swift */,
				D0C2A7EE29D89412009828FA /* DebugView.swift */,
				D091E74029DC7D0300AC9400 /* PurchaseView.swift */,
				D0C2A7FA29D89412009828FA /* AnimationPlayground.swift */,
				D08E30BF29D8A7C100603EB5 /* GenerateView.swift */,
				D021200029DAAF43002955AD /* GeneratedCardsReviewView.swift */,
				D06CF4B529E34C9300251644 /* SavedCardsListView.swift */,
				D0EFE92529DB5A8700860CAF /* CardView.swift */,
				D0EFE92729DB5A9D00860CAF /* CardsView.swift */,
				D091E74729DC813200AC9400 /* StoreView.swift */,
				D079BA5229E3524200363829 /* CardAdd.swift */,
			);
			path = Views;
			sourceTree = "<group>";
		};
		D0C2A7E729D89412009828FA /* Misc */ = {
			isa = PBXGroup;
			children = (
				D0C2A7E829D89412009828FA /* ApiInfoView.swift */,
				D0C2A7E929D89412009828FA /* LoaderSpinner.swift */,
			);
			path = Misc;
			sourceTree = "<group>";
		};
		D0C2A7FE29D89412009828FA /* Preview Content */ = {
			isa = PBXGroup;
			children = (
				D0C2A7FF29D89412009828FA /* Preview Assets.xcassets */,
			);
			path = "Preview Content";
			sourceTree = "<group>";
		};
/* End PBXGroup section */

/* Begin PBXNativeTarget section */
		D0AD525029D8939600B46ED3 /* Fresscards */ = {
			isa = PBXNativeTarget;
			buildConfigurationList = D0AD525F29D8939700B46ED3 /* Build configuration list for PBXNativeTarget "Fresscards" */;
			buildPhases = (
				D0AD524D29D8939600B46ED3 /* Sources */,
				D0AD524E29D8939600B46ED3 /* Frameworks */,
				D0AD524F29D8939600B46ED3 /* Resources */,
			);
			buildRules = (
			);
			dependencies = (
			);
			name = Fresscards;
			packageProductDependencies = (
				D06CF4B329E34A4300251644 /* OrderedCollections */,
				D070ABF729EBE5AD0007F12F /* FirebaseAnalyticsSwift */,
			);
			productName = Fresscards;
			productReference = D0AD525129D8939600B46ED3 /* Fresscards.app */;
			productType = "com.apple.product-type.application";
		};
/* End PBXNativeTarget section */

/* Begin PBXProject section */
		D0AD524929D8939600B46ED3 /* Project object */ = {
			isa = PBXProject;
			attributes = {
				BuildIndependentTargetsInParallel = YES;
				LastSwiftUpdateCheck = 1420;
				LastUpgradeCheck = 1420;
				TargetAttributes = {
					D0AD525029D8939600B46ED3 = {
						CreatedOnToolsVersion = 14.2;
					};
				};
			};
			buildConfigurationList = D0AD524C29D8939600B46ED3 /* Build configuration list for PBXProject "Fresscards" */;
			compatibilityVersion = "Xcode 14.0";
			developmentRegion = en;
			hasScannedForEncodings = 0;
			knownRegions = (
				en,
				Base,
				ru,
				es,
			);
			mainGroup = D0AD524829D8939600B46ED3;
			packageReferences = (
				D06CF4B229E34A4300251644 /* XCRemoteSwiftPackageReference "swift-collections" */,
				D070ABF629EBE5AD0007F12F /* XCRemoteSwiftPackageReference "firebase-ios-sdk" */,
			);
			productRefGroup = D0AD525229D8939600B46ED3 /* Products */;
			projectDirPath = "";
			projectRoot = "";
			targets = (
				D0AD525029D8939600B46ED3 /* Fresscards */,
			);
		};
/* End PBXProject section */

/* Begin PBXResourcesBuildPhase section */
		D0AD524F29D8939600B46ED3 /* Resources */ = {
			isa = PBXResourcesBuildPhase;
			buildActionMask = 2147483647;
			files = (
				D0C2A83329D89412009828FA /* Preview Assets.xcassets in Resources */,
				D0BCC73A29EB17C90040B3C7 /* Localizable.strings in Resources */,
				D070ABF529EBE4460007F12F /* GoogleService-Info.plist in Resources */,
				D091E74C29DC842500AC9400 /* StoreKitTestCertificate.cer in Resources */,
				D0C2A83229D89412009828FA /* Assets.xcassets in Resources */,
			);
			runOnlyForDeploymentPostprocessing = 0;
		};
/* End PBXResourcesBuildPhase section */

/* Begin PBXSourcesBuildPhase section */
		D0AD524D29D8939600B46ED3 /* Sources */ = {
			isa = PBXSourcesBuildPhase;
			buildActionMask = 2147483647;
			files = (
				D0C2A81429D89412009828FA /* Palette.swift in Sources */,
				D0C2A83429D89412009828FA /* ContentView.swift in Sources */,
				D0EFE92829DB5A9D00860CAF /* CardsView.swift in Sources */,
				D0C2A81829D89412009828FA /* Fonts.swift in Sources */,
				D08E30C029D8A7C100603EB5 /* GenerateView.swift in Sources */,
				D0C2A80C29D89412009828FA /* FresscardsEndpoint.swift in Sources */,
				D06CF4AB29E348BB00251644 /* CoreDataModel.xcdatamodeld in Sources */,
				D0E28C7A29DC069D005A5D72 /* CardsWorker.swift in Sources */,
				D06CF4AD29E3495800251644 /* PersistentStore.swift in Sources */,
				D06CF4AF29E3497900251644 /* DataManager.swift in Sources */,
				D06CF4B629E34C9300251644 /* SavedCardsListView.swift in Sources */,
				D0C2A82F29D89412009828FA /* AnimationPlayground.swift in Sources */,
				D06CF4A729E3468C00251644 /* Card.swift in Sources */,
				D0C2A81F29D89412009828FA /* ApiInfoView.swift in Sources */,
				D08E30BE29D8A4DE00603EB5 /* NeuralRequests.swift in Sources */,
				D0C2A81729D89412009828FA /* DateUtils.swift in Sources */,
				D0C2A81029D89412009828FA /* Endpoint.swift in Sources */,
				D0C2A80E29D89412009828FA /* HTTPClient.swift in Sources */,
				D091E74829DC813200AC9400 /* StoreView.swift in Sources */,
				D0C2A81629D89412009828FA /* Log.swift in Sources */,
				D0C2A81129D89412009828FA /* FresscardsService.swift in Sources */,
				D0EFE92629DB5A8700860CAF /* CardView.swift in Sources */,
				D091E74129DC7D0300AC9400 /* PurchaseView.swift in Sources */,
				D06CF4B129E349E200251644 /* CardsListViewModel.swift in Sources */,
				D0C2A82029D89412009828FA /* LoaderSpinner.swift in Sources */,
				D0C2A81929D89412009828FA /* Notification.swift in Sources */,
				D06E5B4329E3E5D100CE11F9 /* CardEditorViewModel.swift in Sources */,
				D079BA5329E3524200363829 /* CardAdd.swift in Sources */,
				D0C2A82229D89412009828FA /* SettingsView.swift in Sources */,
				D02AFFD229E010E50073DAF5 /* Device.swift in Sources */,
				D0C2A81529D89412009828FA /* DataPrettyPrint.swift in Sources */,
				D0C2A83129D89412009828FA /* FresscardsApp.swift in Sources */,
				D0C2A81329D89412009828FA /* SettingsManager.swift in Sources */,
				D0C2A83029D89412009828FA /* Config.swift in Sources */,
				D021200129DAAF43002955AD /* GeneratedCardsReviewView.swift in Sources */,
				D091E74629DC80EF00AC9400 /* StoreManager.swift in Sources */,
				D0C2A82529D89412009828FA /* DebugView.swift in Sources */,
				D0C2A80F29D89412009828FA /* RequestError.swift in Sources */,
			);
			runOnlyForDeploymentPostprocessing = 0;
		};
/* End PBXSourcesBuildPhase section */

/* Begin PBXVariantGroup section */
		D0BCC73C29EB17C90040B3C7 /* Localizable.strings */ = {
			isa = PBXVariantGroup;
			children = (
				D0BCC73D29EB17F40040B3C7 /* ru */,
				D0C1BB7929EB1E6F0047C901 /* es */,
			);
			name = Localizable.strings;
			sourceTree = "<group>";
		};
/* End PBXVariantGroup section */

/* Begin XCBuildConfiguration section */
		D0AD525D29D8939700B46ED3 /* Debug */ = {
			isa = XCBuildConfiguration;
			buildSettings = {
				ALWAYS_SEARCH_USER_PATHS = NO;
				CLANG_ANALYZER_LOCALIZABILITY_NONLOCALIZED = YES;
				CLANG_ANALYZER_NONNULL = YES;
				CLANG_ANALYZER_NUMBER_OBJECT_CONVERSION = YES_AGGRESSIVE;
				CLANG_CXX_LANGUAGE_STANDARD = "gnu++20";
				CLANG_ENABLE_MODULES = YES;
				CLANG_ENABLE_OBJC_ARC = YES;
				CLANG_ENABLE_OBJC_WEAK = YES;
				CLANG_WARN_BLOCK_CAPTURE_AUTORELEASING = YES;
				CLANG_WARN_BOOL_CONVERSION = YES;
				CLANG_WARN_COMMA = YES;
				CLANG_WARN_CONSTANT_CONVERSION = YES;
				CLANG_WARN_DEPRECATED_OBJC_IMPLEMENTATIONS = YES;
				CLANG_WARN_DIRECT_OBJC_ISA_USAGE = YES_ERROR;
				CLANG_WARN_DOCUMENTATION_COMMENTS = YES;
				CLANG_WARN_EMPTY_BODY = YES;
				CLANG_WARN_ENUM_CONVERSION = YES;
				CLANG_WARN_INFINITE_RECURSION = YES;
				CLANG_WARN_INT_CONVERSION = YES;
				CLANG_WARN_NON_LITERAL_NULL_CONVERSION = YES;
				CLANG_WARN_OBJC_IMPLICIT_RETAIN_SELF = YES;
				CLANG_WARN_OBJC_LITERAL_CONVERSION = YES;
				CLANG_WARN_OBJC_ROOT_CLASS = YES_ERROR;
				CLANG_WARN_QUOTED_INCLUDE_IN_FRAMEWORK_HEADER = YES;
				CLANG_WARN_RANGE_LOOP_ANALYSIS = YES;
				CLANG_WARN_STRICT_PROTOTYPES = YES;
				CLANG_WARN_SUSPICIOUS_MOVE = YES;
				CLANG_WARN_UNGUARDED_AVAILABILITY = YES_AGGRESSIVE;
				CLANG_WARN_UNREACHABLE_CODE = YES;
				CLANG_WARN__DUPLICATE_METHOD_MATCH = YES;
				COPY_PHASE_STRIP = NO;
				DEBUG_INFORMATION_FORMAT = dwarf;
				ENABLE_STRICT_OBJC_MSGSEND = YES;
				ENABLE_TESTABILITY = YES;
				GCC_C_LANGUAGE_STANDARD = gnu11;
				GCC_DYNAMIC_NO_PIC = NO;
				GCC_NO_COMMON_BLOCKS = YES;
				GCC_OPTIMIZATION_LEVEL = 0;
				GCC_PREPROCESSOR_DEFINITIONS = (
					"DEBUG=1",
					"$(inherited)",
				);
				GCC_WARN_64_TO_32_BIT_CONVERSION = YES;
				GCC_WARN_ABOUT_RETURN_TYPE = YES_ERROR;
				GCC_WARN_UNDECLARED_SELECTOR = YES;
				GCC_WARN_UNINITIALIZED_AUTOS = YES_AGGRESSIVE;
				GCC_WARN_UNUSED_FUNCTION = YES;
				GCC_WARN_UNUSED_VARIABLE = YES;
				IPHONEOS_DEPLOYMENT_TARGET = 16.0;
				MTL_ENABLE_DEBUG_INFO = INCLUDE_SOURCE;
				MTL_FAST_MATH = YES;
				ONLY_ACTIVE_ARCH = YES;
				SDKROOT = iphoneos;
				SWIFT_ACTIVE_COMPILATION_CONDITIONS = DEBUG;
				SWIFT_OPTIMIZATION_LEVEL = "-Onone";
			};
			name = Debug;
		};
		D0AD525E29D8939700B46ED3 /* Release */ = {
			isa = XCBuildConfiguration;
			buildSettings = {
				ALWAYS_SEARCH_USER_PATHS = NO;
				CLANG_ANALYZER_LOCALIZABILITY_NONLOCALIZED = YES;
				CLANG_ANALYZER_NONNULL = YES;
				CLANG_ANALYZER_NUMBER_OBJECT_CONVERSION = YES_AGGRESSIVE;
				CLANG_CXX_LANGUAGE_STANDARD = "gnu++20";
				CLANG_ENABLE_MODULES = YES;
				CLANG_ENABLE_OBJC_ARC = YES;
				CLANG_ENABLE_OBJC_WEAK = YES;
				CLANG_WARN_BLOCK_CAPTURE_AUTORELEASING = YES;
				CLANG_WARN_BOOL_CONVERSION = YES;
				CLANG_WARN_COMMA = YES;
				CLANG_WARN_CONSTANT_CONVERSION = YES;
				CLANG_WARN_DEPRECATED_OBJC_IMPLEMENTATIONS = YES;
				CLANG_WARN_DIRECT_OBJC_ISA_USAGE = YES_ERROR;
				CLANG_WARN_DOCUMENTATION_COMMENTS = YES;
				CLANG_WARN_EMPTY_BODY = YES;
				CLANG_WARN_ENUM_CONVERSION = YES;
				CLANG_WARN_INFINITE_RECURSION = YES;
				CLANG_WARN_INT_CONVERSION = YES;
				CLANG_WARN_NON_LITERAL_NULL_CONVERSION = YES;
				CLANG_WARN_OBJC_IMPLICIT_RETAIN_SELF = YES;
				CLANG_WARN_OBJC_LITERAL_CONVERSION = YES;
				CLANG_WARN_OBJC_ROOT_CLASS = YES_ERROR;
				CLANG_WARN_QUOTED_INCLUDE_IN_FRAMEWORK_HEADER = YES;
				CLANG_WARN_RANGE_LOOP_ANALYSIS = YES;
				CLANG_WARN_STRICT_PROTOTYPES = YES;
				CLANG_WARN_SUSPICIOUS_MOVE = YES;
				CLANG_WARN_UNGUARDED_AVAILABILITY = YES_AGGRESSIVE;
				CLANG_WARN_UNREACHABLE_CODE = YES;
				CLANG_WARN__DUPLICATE_METHOD_MATCH = YES;
				COPY_PHASE_STRIP = NO;
				DEBUG_INFORMATION_FORMAT = "dwarf-with-dsym";
				ENABLE_NS_ASSERTIONS = NO;
				ENABLE_STRICT_OBJC_MSGSEND = YES;
				GCC_C_LANGUAGE_STANDARD = gnu11;
				GCC_NO_COMMON_BLOCKS = YES;
				GCC_WARN_64_TO_32_BIT_CONVERSION = YES;
				GCC_WARN_ABOUT_RETURN_TYPE = YES_ERROR;
				GCC_WARN_UNDECLARED_SELECTOR = YES;
				GCC_WARN_UNINITIALIZED_AUTOS = YES_AGGRESSIVE;
				GCC_WARN_UNUSED_FUNCTION = YES;
				GCC_WARN_UNUSED_VARIABLE = YES;
				IPHONEOS_DEPLOYMENT_TARGET = 16.0;
				MTL_ENABLE_DEBUG_INFO = NO;
				MTL_FAST_MATH = YES;
				SDKROOT = iphoneos;
				SWIFT_COMPILATION_MODE = wholemodule;
				SWIFT_OPTIMIZATION_LEVEL = "-O";
				VALIDATE_PRODUCT = YES;
			};
			name = Release;
		};
		D0AD526029D8939700B46ED3 /* Debug */ = {
			isa = XCBuildConfiguration;
			buildSettings = {
				ASSETCATALOG_COMPILER_APPICON_NAME = AppIcon;
				ASSETCATALOG_COMPILER_GLOBAL_ACCENT_COLOR_NAME = AccentColor;
				CODE_SIGN_STYLE = Automatic;
				CURRENT_PROJECT_VERSION = 1;
				DEVELOPMENT_ASSET_PATHS = "\"Fresscards/Preview Content\"";
				DEVELOPMENT_TEAM = 7R7Q2CDK95;
				ENABLE_PREVIEWS = YES;
				GENERATE_INFOPLIST_FILE = YES;
				INFOPLIST_FILE = Fresscards/Info.plist;
				INFOPLIST_KEY_CFBundleDisplayName = Fresscards;
				INFOPLIST_KEY_LSApplicationCategoryType = "public.app-category.education";
				INFOPLIST_KEY_UIApplicationSupportsIndirectInputEvents = YES;
				INFOPLIST_KEY_UILaunchScreen_Generation = YES;
				INFOPLIST_KEY_UISupportedInterfaceOrientations_iPad = "UIInterfaceOrientationPortrait UIInterfaceOrientationPortraitUpsideDown UIInterfaceOrientationLandscapeLeft UIInterfaceOrientationLandscapeRight";
				INFOPLIST_KEY_UISupportedInterfaceOrientations_iPhone = "UIInterfaceOrientationPortrait UIInterfaceOrientationLandscapeLeft UIInterfaceOrientationLandscapeRight";
				LD_RUNPATH_SEARCH_PATHS = (
					"$(inherited)",
					"@executable_path/Frameworks",
				);
				MARKETING_VERSION = 1.0.6;
				PRODUCT_BUNDLE_IDENTIFIER = com.ress.Fresscards;
				PRODUCT_NAME = "$(TARGET_NAME)";
				SWIFT_EMIT_LOC_STRINGS = YES;
				SWIFT_VERSION = 5.0;
				TARGETED_DEVICE_FAMILY = "1,2";
			};
			name = Debug;
		};
		D0AD526129D8939700B46ED3 /* Release */ = {
			isa = XCBuildConfiguration;
			buildSettings = {
				ASSETCATALOG_COMPILER_APPICON_NAME = AppIcon;
				ASSETCATALOG_COMPILER_GLOBAL_ACCENT_COLOR_NAME = AccentColor;
				CODE_SIGN_STYLE = Automatic;
				CURRENT_PROJECT_VERSION = 1;
				DEVELOPMENT_ASSET_PATHS = "\"Fresscards/Preview Content\"";
				DEVELOPMENT_TEAM = 7R7Q2CDK95;
				ENABLE_PREVIEWS = YES;
				GENERATE_INFOPLIST_FILE = YES;
				INFOPLIST_FILE = Fresscards/Info.plist;
				INFOPLIST_KEY_CFBundleDisplayName = Fresscards;
				INFOPLIST_KEY_LSApplicationCategoryType = "public.app-category.education";
				INFOPLIST_KEY_UIApplicationSupportsIndirectInputEvents = YES;
				INFOPLIST_KEY_UILaunchScreen_Generation = YES;
				INFOPLIST_KEY_UISupportedInterfaceOrientations_iPad = "UIInterfaceOrientationPortrait UIInterfaceOrientationPortraitUpsideDown UIInterfaceOrientationLandscapeLeft UIInterfaceOrientationLandscapeRight";
				INFOPLIST_KEY_UISupportedInterfaceOrientations_iPhone = "UIInterfaceOrientationPortrait UIInterfaceOrientationLandscapeLeft UIInterfaceOrientationLandscapeRight";
				LD_RUNPATH_SEARCH_PATHS = (
					"$(inherited)",
					"@executable_path/Frameworks",
				);
				MARKETING_VERSION = 1.0.6;
				PRODUCT_BUNDLE_IDENTIFIER = com.ress.Fresscards;
				PRODUCT_NAME = "$(TARGET_NAME)";
				SWIFT_EMIT_LOC_STRINGS = YES;
				SWIFT_VERSION = 5.0;
				TARGETED_DEVICE_FAMILY = "1,2";
			};
			name = Release;
		};
/* End XCBuildConfiguration section */

/* Begin XCConfigurationList section */
		D0AD524C29D8939600B46ED3 /* Build configuration list for PBXProject "Fresscards" */ = {
			isa = XCConfigurationList;
			buildConfigurations = (
				D0AD525D29D8939700B46ED3 /* Debug */,
				D0AD525E29D8939700B46ED3 /* Release */,
			);
			defaultConfigurationIsVisible = 0;
			defaultConfigurationName = Release;
		};
		D0AD525F29D8939700B46ED3 /* Build configuration list for PBXNativeTarget "Fresscards" */ = {
			isa = XCConfigurationList;
			buildConfigurations = (
				D0AD526029D8939700B46ED3 /* Debug */,
				D0AD526129D8939700B46ED3 /* Release */,
			);
			defaultConfigurationIsVisible = 0;
			defaultConfigurationName = Release;
		};
/* End XCConfigurationList section */

/* Begin XCRemoteSwiftPackageReference section */
		D06CF4B229E34A4300251644 /* XCRemoteSwiftPackageReference "swift-collections" */ = {
			isa = XCRemoteSwiftPackageReference;
			repositoryURL = "https://github.com/apple/swift-collections.git";
			requirement = {
				kind = upToNextMajorVersion;
				minimumVersion = 1.0.0;
			};
		};
		D070ABF629EBE5AD0007F12F /* XCRemoteSwiftPackageReference "firebase-ios-sdk" */ = {
			isa = XCRemoteSwiftPackageReference;
			repositoryURL = "https://github.com/firebase/firebase-ios-sdk";
			requirement = {
				kind = upToNextMajorVersion;
				minimumVersion = 10.0.0;
			};
		};
/* End XCRemoteSwiftPackageReference section */

/* Begin XCSwiftPackageProductDependency section */
		D06CF4B329E34A4300251644 /* OrderedCollections */ = {
			isa = XCSwiftPackageProductDependency;
			package = D06CF4B229E34A4300251644 /* XCRemoteSwiftPackageReference "swift-collections" */;
			productName = OrderedCollections;
		};
		D070ABF729EBE5AD0007F12F /* FirebaseAnalyticsSwift */ = {
			isa = XCSwiftPackageProductDependency;
			package = D070ABF629EBE5AD0007F12F /* XCRemoteSwiftPackageReference "firebase-ios-sdk" */;
			productName = FirebaseAnalyticsSwift;
		};
/* End XCSwiftPackageProductDependency section */

/* Begin XCVersionGroup section */
		D06CF4A929E348BB00251644 /* CoreDataModel.xcdatamodeld */ = {
			isa = XCVersionGroup;
			children = (
				D06CF4AA29E348BB00251644 /* CoreDataModel.xcdatamodel */,
			);
			currentVersion = D06CF4AA29E348BB00251644 /* CoreDataModel.xcdatamodel */;
			path = CoreDataModel.xcdatamodeld;
			sourceTree = "<group>";
			versionGroupType = wrapper.xcdatamodel;
		};
/* End XCVersionGroup section */
	};
	rootObject = D0AD524929D8939600B46ED3 /* Project object */;
}
